// !$*UTF8*$!
{
	archiveVersion = 1;
	classes = {
	};
	objectVersion = 50;
	objects = {

/* Begin PBXBuildFile section */
		1E61A56D263B87B700E41024 /* AppDelegate.swift in Sources */ = {isa = PBXBuildFile; fileRef = 1E61A56C263B87B700E41024 /* AppDelegate.swift */; };
		1E61A56F263B87B700E41024 /* SceneDelegate.swift in Sources */ = {isa = PBXBuildFile; fileRef = 1E61A56E263B87B700E41024 /* SceneDelegate.swift */; };
		1E61A571263B87B700E41024 /* ShopViewController.swift in Sources */ = {isa = PBXBuildFile; fileRef = 1E61A570263B87B700E41024 /* ShopViewController.swift */; };
		1E61A574263B87B700E41024 /* Main.storyboard in Resources */ = {isa = PBXBuildFile; fileRef = 1E61A572263B87B700E41024 /* Main.storyboard */; };
		1E61A577263B87B700E41024 /* App_ShopUsa.xcdatamodeld in Sources */ = {isa = PBXBuildFile; fileRef = 1E61A575263B87B700E41024 /* App_ShopUsa.xcdatamodeld */; };
		1E61A579263B87B800E41024 /* Assets.xcassets in Resources */ = {isa = PBXBuildFile; fileRef = 1E61A578263B87B800E41024 /* Assets.xcassets */; };
		1E61A57C263B87B800E41024 /* LaunchScreen.storyboard in Resources */ = {isa = PBXBuildFile; fileRef = 1E61A57A263B87B800E41024 /* LaunchScreen.storyboard */; };
		1EB345F426C17B160039EC66 /* SettingsViewController.swift in Sources */ = {isa = PBXBuildFile; fileRef = 1EB345F326C17B160039EC66 /* SettingsViewController.swift */; };
		1EB345F626C17B230039EC66 /* TaxesViewController.swift in Sources */ = {isa = PBXBuildFile; fileRef = 1EB345F526C17B230039EC66 /* TaxesViewController.swift */; };
		1EC6A15126D5B5AD0000036A /* UITaxesCalculator.swift in Sources */ = {isa = PBXBuildFile; fileRef = 1EC6A15026D5B5AD0000036A /* UITaxesCalculator.swift */; };
		1ED8CC7626CDC94400AEDA87 /* TaxesCalculator.swift in Sources */ = {isa = PBXBuildFile; fileRef = 1ED8CC7526CDC94400AEDA87 /* TaxesCalculator.swift */; };
/* End PBXBuildFile section */

/* Begin PBXFileReference section */
		1E61A569263B87B700E41024 /* App_ShopUsa.app */ = {isa = PBXFileReference; explicitFileType = wrapper.application; includeInIndex = 0; path = App_ShopUsa.app; sourceTree = BUILT_PRODUCTS_DIR; };
		1E61A56C263B87B700E41024 /* AppDelegate.swift */ = {isa = PBXFileReference; lastKnownFileType = sourcecode.swift; path = AppDelegate.swift; sourceTree = "<group>"; };
		1E61A56E263B87B700E41024 /* SceneDelegate.swift */ = {isa = PBXFileReference; lastKnownFileType = sourcecode.swift; path = SceneDelegate.swift; sourceTree = "<group>"; };
		1E61A570263B87B700E41024 /* ShopViewController.swift */ = {isa = PBXFileReference; lastKnownFileType = sourcecode.swift; path = ShopViewController.swift; sourceTree = "<group>"; };
		1E61A573263B87B700E41024 /* Base */ = {isa = PBXFileReference; lastKnownFileType = file.storyboard; name = Base; path = Base.lproj/Main.storyboard; sourceTree = "<group>"; };
		1E61A576263B87B700E41024 /* App_ShopUsa.xcdatamodel */ = {isa = PBXFileReference; lastKnownFileType = wrapper.xcdatamodel; path = App_ShopUsa.xcdatamodel; sourceTree = "<group>"; };
		1E61A578263B87B800E41024 /* Assets.xcassets */ = {isa = PBXFileReference; lastKnownFileType = folder.assetcatalog; path = Assets.xcassets; sourceTree = "<group>"; };
		1E61A57B263B87B800E41024 /* Base */ = {isa = PBXFileReference; lastKnownFileType = file.storyboard; name = Base; path = Base.lproj/LaunchScreen.storyboard; sourceTree = "<group>"; };
		1E61A57D263B87B800E41024 /* Info.plist */ = {isa = PBXFileReference; lastKnownFileType = text.plist.xml; path = Info.plist; sourceTree = "<group>"; };
		1EB345F326C17B160039EC66 /* SettingsViewController.swift */ = {isa = PBXFileReference; lastKnownFileType = sourcecode.swift; path = SettingsViewController.swift; sourceTree = "<group>"; };
		1EB345F526C17B230039EC66 /* TaxesViewController.swift */ = {isa = PBXFileReference; lastKnownFileType = sourcecode.swift; path = TaxesViewController.swift; sourceTree = "<group>"; };
		1EC6A15026D5B5AD0000036A /* UITaxesCalculator.swift */ = {isa = PBXFileReference; lastKnownFileType = sourcecode.swift; path = UITaxesCalculator.swift; sourceTree = "<group>"; };
		1ED8CC7526CDC94400AEDA87 /* TaxesCalculator.swift */ = {isa = PBXFileReference; lastKnownFileType = sourcecode.swift; path = TaxesCalculator.swift; sourceTree = "<group>"; };
/* End PBXFileReference section */

/* Begin PBXFrameworksBuildPhase section */
		1E61A566263B87B700E41024 /* Frameworks */ = {
			isa = PBXFrameworksBuildPhase;
			buildActionMask = 2147483647;
			files = (
			);
			runOnlyForDeploymentPostprocessing = 0;
		};
/* End PBXFrameworksBuildPhase section */

/* Begin PBXGroup section */
		1E61A560263B87B700E41024 = {
			isa = PBXGroup;
			children = (
				1E61A56B263B87B700E41024 /* App_ShopUsa */,
				1E61A56A263B87B700E41024 /* Products */,
			);
			sourceTree = "<group>";
		};
		1E61A56A263B87B700E41024 /* Products */ = {
			isa = PBXGroup;
			children = (
				1E61A569263B87B700E41024 /* App_ShopUsa.app */,
			);
			name = Products;
			sourceTree = "<group>";
		};
		1E61A56B263B87B700E41024 /* App_ShopUsa */ = {
			isa = PBXGroup;
			children = (
				1E61A56C263B87B700E41024 /* AppDelegate.swift */,
				1E61A56E263B87B700E41024 /* SceneDelegate.swift */,
				1E61A570263B87B700E41024 /* ShopViewController.swift */,
				1EC6A15026D5B5AD0000036A /* UITaxesCalculator.swift */,
				1EB345F326C17B160039EC66 /* SettingsViewController.swift */,
				1EB345F526C17B230039EC66 /* TaxesViewController.swift */,
				1ED8CC7526CDC94400AEDA87 /* TaxesCalculator.swift */,
				1E61A572263B87B700E41024 /* Main.storyboard */,
				1E61A578263B87B800E41024 /* Assets.xcassets */,
				1E61A57A263B87B800E41024 /* LaunchScreen.storyboard */,
				1E61A57D263B87B800E41024 /* Info.plist */,
				1E61A575263B87B700E41024 /* App_ShopUsa.xcdatamodeld */,
			);
			path = App_ShopUsa;
			sourceTree = "<group>";
		};
/* End PBXGroup section */

/* Begin PBXNativeTarget section */
		1E61A568263B87B700E41024 /* App_ShopUsa */ = {
			isa = PBXNativeTarget;
			buildConfigurationList = 1E61A580263B87B800E41024 /* Build configuration list for PBXNativeTarget "App_ShopUsa" */;
			buildPhases = (
				1E61A565263B87B700E41024 /* Sources */,
				1E61A566263B87B700E41024 /* Frameworks */,
				1E61A567263B87B700E41024 /* Resources */,
			);
			buildRules = (
			);
			dependencies = (
			);
			name = App_ShopUsa;
			productName = App_ShopUsa;
			productReference = 1E61A569263B87B700E41024 /* App_ShopUsa.app */;
			productType = "com.apple.product-type.application";
		};
/* End PBXNativeTarget section */

/* Begin PBXProject section */
		1E61A561263B87B700E41024 /* Project object */ = {
			isa = PBXProject;
			attributes = {
				LastSwiftUpdateCheck = 1250;
				LastUpgradeCheck = 1250;
				TargetAttributes = {
					1E61A568263B87B700E41024 = {
						CreatedOnToolsVersion = 12.5;
					};
				};
			};
			buildConfigurationList = 1E61A564263B87B700E41024 /* Build configuration list for PBXProject "App_ShopUsa" */;
			compatibilityVersion = "Xcode 9.3";
			developmentRegion = en;
			hasScannedForEncodings = 0;
			knownRegions = (
				en,
				Base,
			);
			mainGroup = 1E61A560263B87B700E41024;
			productRefGroup = 1E61A56A263B87B700E41024 /* Products */;
			projectDirPath = "";
			projectRoot = "";
			targets = (
				1E61A568263B87B700E41024 /* App_ShopUsa */,
			);
		};
/* End PBXProject section */

/* Begin PBXResourcesBuildPhase section */
		1E61A567263B87B700E41024 /* Resources */ = {
			isa = PBXResourcesBuildPhase;
			buildActionMask = 2147483647;
			files = (
				1E61A57C263B87B800E41024 /* LaunchScreen.storyboard in Resources */,
				1E61A579263B87B800E41024 /* Assets.xcassets in Resources */,
				1E61A574263B87B700E41024 /* Main.storyboard in Resources */,
			);
			runOnlyForDeploymentPostprocessing = 0;
		};
/* End PBXResourcesBuildPhase section */

/* Begin PBXSourcesBuildPhase section */
		1E61A565263B87B700E41024 /* Sources */ = {
			isa = PBXSourcesBuildPhase;
			buildActionMask = 2147483647;
			files = (
				1EB345F626C17B230039EC66 /* TaxesViewController.swift in Sources */,
				1E61A571263B87B700E41024 /* ShopViewController.swift in Sources */,
				1E61A56D263B87B700E41024 /* AppDelegate.swift in Sources */,
				1ED8CC7626CDC94400AEDA87 /* TaxesCalculator.swift in Sources */,
				1E61A56F263B87B700E41024 /* SceneDelegate.swift in Sources */,
				1EB345F426C17B160039EC66 /* SettingsViewController.swift in Sources */,
				1E61A577263B87B700E41024 /* App_ShopUsa.xcdatamodeld in Sources */,
				1EC6A15126D5B5AD0000036A /* UITaxesCalculator.swift in Sources */,
			);
			runOnlyForDeploymentPostprocessing = 0;
		};
/* End PBXSourcesBuildPhase section */

/* Begin PBXVariantGroup section */
		1E61A572263B87B700E41024 /* Main.storyboard */ = {
			isa = PBXVariantGroup;
			children = (
				1E61A573263B87B700E41024 /* Base */,
			);
			name = Main.storyboard;
			sourceTree = "<group>";
		};
		1E61A57A263B87B800E41024 /* LaunchScreen.storyboard */ = {
			isa = PBXVariantGroup;
			children = (
				1E61A57B263B87B800E41024 /* Base */,
			);
			name = LaunchScreen.storyboard;
			sourceTree = "<group>";
		};
/* End PBXVariantGroup section */

/* Begin XCBuildConfiguration section */
		1E61A57E263B87B800E41024 /* Debug */ = {
			isa = XCBuildConfiguration;
			buildSettings = {
				ALWAYS_SEARCH_USER_PATHS = NO;
				CLANG_ANALYZER_NONNULL = YES;
				CLANG_ANALYZER_NUMBER_OBJECT_CONVERSION = YES_AGGRESSIVE;
				CLANG_CXX_LANGUAGE_STANDARD = "gnu++14";
				CLANG_CXX_LIBRARY = "libc++";
				CLANG_ENABLE_MODULES = YES;
				CLANG_ENABLE_OBJC_ARC = YES;
				CLANG_ENABLE_OBJC_WEAK = YES;
				CLANG_WARN_BLOCK_CAPTURE_AUTORELEASING = YES;
				CLANG_WARN_BOOL_CONVERSION = YES;
				CLANG_WARN_COMMA = YES;
				CLANG_WARN_CONSTANT_CONVERSION = YES;
				CLANG_WARN_DEPRECATED_OBJC_IMPLEMENTATIONS = YES;
				CLANG_WARN_DIRECT_OBJC_ISA_USAGE = YES_ERROR;
				CLANG_WARN_DOCUMENTATION_COMMENTS = YES;
				CLANG_WARN_EMPTY_BODY = YES;
				CLANG_WARN_ENUM_CONVERSION = YES;
				CLANG_WARN_INFINITE_RECURSION = YES;
				CLANG_WARN_INT_CONVERSION = YES;
				CLANG_WARN_NON_LITERAL_NULL_CONVERSION = YES;
				CLANG_WARN_OBJC_IMPLICIT_RETAIN_SELF = YES;
				CLANG_WARN_OBJC_LITERAL_CONVERSION = YES;
				CLANG_WARN_OBJC_ROOT_CLASS = YES_ERROR;
				CLANG_WARN_QUOTED_INCLUDE_IN_FRAMEWORK_HEADER = YES;
				CLANG_WARN_RANGE_LOOP_ANALYSIS = YES;
				CLANG_WARN_STRICT_PROTOTYPES = YES;
				CLANG_WARN_SUSPICIOUS_MOVE = YES;
				CLANG_WARN_UNGUARDED_AVAILABILITY = YES_AGGRESSIVE;
				CLANG_WARN_UNREACHABLE_CODE = YES;
				CLANG_WARN__DUPLICATE_METHOD_MATCH = YES;
				COPY_PHASE_STRIP = NO;
				DEBUG_INFORMATION_FORMAT = dwarf;
				ENABLE_STRICT_OBJC_MSGSEND = YES;
				ENABLE_TESTABILITY = YES;
				GCC_C_LANGUAGE_STANDARD = gnu11;
				GCC_DYNAMIC_NO_PIC = NO;
				GCC_NO_COMMON_BLOCKS = YES;
				GCC_OPTIMIZATION_LEVEL = 0;
				GCC_PREPROCESSOR_DEFINITIONS = (
					"DEBUG=1",
					"$(inherited)",
				);
				GCC_WARN_64_TO_32_BIT_CONVERSION = YES;
				GCC_WARN_ABOUT_RETURN_TYPE = YES_ERROR;
				GCC_WARN_UNDECLARED_SELECTOR = YES;
				GCC_WARN_UNINITIALIZED_AUTOS = YES_AGGRESSIVE;
				GCC_WARN_UNUSED_FUNCTION = YES;
				GCC_WARN_UNUSED_VARIABLE = YES;
				IPHONEOS_DEPLOYMENT_TARGET = 14.5;
				MTL_ENABLE_DEBUG_INFO = INCLUDE_SOURCE;
				MTL_FAST_MATH = YES;
				ONLY_ACTIVE_ARCH = YES;
				SDKROOT = iphoneos;
				SWIFT_ACTIVE_COMPILATION_CONDITIONS = DEBUG;
				SWIFT_OPTIMIZATION_LEVEL = "-Onone";
			};
			name = Debug;
		};
		1E61A57F263B87B800E41024 /* Release */ = {
			isa = XCBuildConfiguration;
			buildSettings = {
				ALWAYS_SEARCH_USER_PATHS = NO;
				CLANG_ANALYZER_NONNULL = YES;
				CLANG_ANALYZER_NUMBER_OBJECT_CONVERSION = YES_AGGRESSIVE;
				CLANG_CXX_LANGUAGE_STANDARD = "gnu++14";
				CLANG_CXX_LIBRARY = "libc++";
				CLANG_ENABLE_MODULES = YES;
				CLANG_ENABLE_OBJC_ARC = YES;
				CLANG_ENABLE_OBJC_WEAK = YES;
				CLANG_WARN_BLOCK_CAPTURE_AUTORELEASING = YES;
				CLANG_WARN_BOOL_CONVERSION = YES;
				CLANG_WARN_COMMA = YES;
				CLANG_WARN_CONSTANT_CONVERSION = YES;
				CLANG_WARN_DEPRECATED_OBJC_IMPLEMENTATIONS = YES;
				CLANG_WARN_DIRECT_OBJC_ISA_USAGE = YES_ERROR;
				CLANG_WARN_DOCUMENTATION_COMMENTS = YES;
				CLANG_WARN_EMPTY_BODY = YES;
				CLANG_WARN_ENUM_CONVERSION = YES;
				CLANG_WARN_INFINITE_RECURSION = YES;
				CLANG_WARN_INT_CONVERSION = YES;
				CLANG_WARN_NON_LITERAL_NULL_CONVERSION = YES;
				CLANG_WARN_OBJC_IMPLICIT_RETAIN_SELF = YES;
				CLANG_WARN_OBJC_LITERAL_CONVERSION = YES;
				CLANG_WARN_OBJC_ROOT_CLASS = YES_ERROR;
				CLANG_WARN_QUOTED_INCLUDE_IN_FRAMEWORK_HEADER = YES;
				CLANG_WARN_RANGE_LOOP_ANALYSIS = YES;
				CLANG_WARN_STRICT_PROTOTYPES = YES;
				CLANG_WARN_SUSPICIOUS_MOVE = YES;
				CLANG_WARN_UNGUARDED_AVAILABILITY = YES_AGGRESSIVE;
				CLANG_WARN_UNREACHABLE_CODE = YES;
				CLANG_WARN__DUPLICATE_METHOD_MATCH = YES;
				COPY_PHASE_STRIP = NO;
				DEBUG_INFORMATION_FORMAT = "dwarf-with-dsym";
				ENABLE_NS_ASSERTIONS = NO;
				ENABLE_STRICT_OBJC_MSGSEND = YES;
				GCC_C_LANGUAGE_STANDARD = gnu11;
				GCC_NO_COMMON_BLOCKS = YES;
				GCC_WARN_64_TO_32_BIT_CONVERSION = YES;
				GCC_WARN_ABOUT_RETURN_TYPE = YES_ERROR;
				GCC_WARN_UNDECLARED_SELECTOR = YES;
				GCC_WARN_UNINITIALIZED_AUTOS = YES_AGGRESSIVE;
				GCC_WARN_UNUSED_FUNCTION = YES;
				GCC_WARN_UNUSED_VARIABLE = YES;
				IPHONEOS_DEPLOYMENT_TARGET = 14.5;
				MTL_ENABLE_DEBUG_INFO = NO;
				MTL_FAST_MATH = YES;
				SDKROOT = iphoneos;
				SWIFT_COMPILATION_MODE = wholemodule;
				SWIFT_OPTIMIZATION_LEVEL = "-O";
				VALIDATE_PRODUCT = YES;
			};
			name = Release;
		};
		1E61A581263B87B800E41024 /* Debug */ = {
			isa = XCBuildConfiguration;
			buildSettings = {
				ASSETCATALOG_COMPILER_APPICON_NAME = AppIcon;
				ASSETCATALOG_COMPILER_GLOBAL_ACCENT_COLOR_NAME = AccentColor;
				CODE_SIGN_STYLE = Automatic;
				DEVELOPMENT_TEAM = 9Y3YYN3XLN;
				INFOPLIST_FILE = App_ShopUsa/Info.plist;
				LD_RUNPATH_SEARCH_PATHS = (
					"$(inherited)",
					"@executable_path/Frameworks",
				);
				PRODUCT_BUNDLE_IDENTIFIER = "com.kaique.App-ShopUsa";
				PRODUCT_NAME = "$(TARGET_NAME)";
				SWIFT_VERSION = 5.0;
				TARGETED_DEVICE_FAMILY = "1,2";
			};
			name = Debug;
		};
		1E61A582263B87B800E41024 /* Release */ = {
			isa = XCBuildConfiguration;
			buildSettings = {
				ASSETCATALOG_COMPILER_APPICON_NAME = AppIcon;
				ASSETCATALOG_COMPILER_GLOBAL_ACCENT_COLOR_NAME = AccentColor;
				CODE_SIGN_STYLE = Automatic;
				DEVELOPMENT_TEAM = 9Y3YYN3XLN;
				INFOPLIST_FILE = App_ShopUsa/Info.plist;
				LD_RUNPATH_SEARCH_PATHS = (
					"$(inherited)",
					"@executable_path/Frameworks",
				);
				PRODUCT_BUNDLE_IDENTIFIER = "com.kaique.App-ShopUsa";
				PRODUCT_NAME = "$(TARGET_NAME)";
				SWIFT_VERSION = 5.0;
				TARGETED_DEVICE_FAMILY = "1,2";
			};
			name = Release;
		};
/* End XCBuildConfiguration section */

/* Begin XCConfigurationList section */
		1E61A564263B87B700E41024 /* Build configuration list for PBXProject "App_ShopUsa" */ = {
			isa = XCConfigurationList;
			buildConfigurations = (
				1E61A57E263B87B800E41024 /* Debug */,
				1E61A57F263B87B800E41024 /* Release */,
			);
			defaultConfigurationIsVisible = 0;
			defaultConfigurationName = Release;
		};
		1E61A580263B87B800E41024 /* Build configuration list for PBXNativeTarget "App_ShopUsa" */ = {
			isa = XCConfigurationList;
			buildConfigurations = (
				1E61A581263B87B800E41024 /* Debug */,
				1E61A582263B87B800E41024 /* Release */,
			);
			defaultConfigurationIsVisible = 0;
			defaultConfigurationName = Release;
		};
/* End XCConfigurationList section */

/* Begin XCVersionGroup section */
		1E61A575263B87B700E41024 /* App_ShopUsa.xcdatamodeld */ = {
			isa = XCVersionGroup;
			children = (
				1E61A576263B87B700E41024 /* App_ShopUsa.xcdatamodel */,
			);
			currentVersion = 1E61A576263B87B700E41024 /* App_ShopUsa.xcdatamodel */;
			path = App_ShopUsa.xcdatamodeld;
			sourceTree = "<group>";
			versionGroupType = wrapper.xcdatamodel;
		};
/* End XCVersionGroup section */
	};
	rootObject = 1E61A561263B87B700E41024 /* Project object */;
}
